<?xml version="1.0" encoding="utf-8"?>
<Project ToolsVersion="4.0" xmlns="http://schemas.microsoft.com/developer/msbuild/2003">
  <ItemGroup>
    <Filter Include="소스 파일">
      <UniqueIdentifier>{4FC737F1-C7A5-4376-A066-2A32D752A2FF}</UniqueIdentifier>
      <Extensions>cpp;c;cc;cxx;c++;cppm;ixx;def;odl;idl;hpj;bat;asm;asmx</Extensions>
    </Filter>
    <Filter Include="헤더 파일">
      <UniqueIdentifier>{93995380-89BD-4b04-88EB-625FBE52EBFB}</UniqueIdentifier>
      <Extensions>h;hh;hpp;hxx;h++;hm;inl;inc;ipp;xsd</Extensions>
    </Filter>
    <Filter Include="리소스 파일">
      <UniqueIdentifier>{67DA6AB6-F800-4c08-8B7A-83BB121AAD01}</UniqueIdentifier>
      <Extensions>rc;ico;cur;bmp;dlg;rc2;rct;bin;rgs;gif;jpg;jpeg;jpe;resx;tiff;tif;png;wav;mfcribbon-ms</Extensions>
    </Filter>
  </ItemGroup>
  <ItemGroup>
    <ClCompile Include="src\Main.cpp">
      <Filter>소스 파일</Filter>
    </ClCompile>
    <ClCompile Include="src\pch.cpp">
      <Filter>소스 파일</Filter>
    </ClCompile>
    <ClCompile Include="src\00.App\Game.cpp">
      <Filter>소스 파일</Filter>
    </ClCompile>
    <ClCompile Include="src\01.Base\Actor\Actor.cpp">
      <Filter>소스 파일</Filter>
    </ClCompile>
    <ClCompile Include="src\03.Utils\NumberGenerator\NumberGenerator.cpp">
      <Filter>소스 파일</Filter>
    </ClCompile>
    <ClCompile Include="src\01.Base\World\World.cpp">
      <Filter>소스 파일</Filter>
    </ClCompile>
    <ClCompile Include="src\00.App\Object.cpp">
      <Filter>소스 파일</Filter>
    </ClCompile>
    <ClCompile Include="src\04.Renderer\SpriteRenderer.cpp">
      <Filter>소스 파일</Filter>
    </ClCompile>
    <ClCompile Include="src\01.Base\Actor\Component\Component.cpp">
      <Filter>소스 파일</Filter>
    </ClCompile>
    <ClCompile Include="src\01.Base\Actor\Component\RenderComponents\RenderComponent.cpp">
      <Filter>소스 파일</Filter>
    </ClCompile>
    <ClCompile Include="src\01.Base\World\WorldEvent.cpp">
      <Filter>소스 파일</Filter>
    </ClCompile>
    <ClCompile Include="src\04.Renderer\PSOManager.cpp">
      <Filter>소스 파일</Filter>
    </ClCompile>
    <ClCompile Include="src\01.Base\Actor\Component\Transform.cpp">
      <Filter>소스 파일</Filter>
    </ClCompile>
    <ClCompile Include="src\04.Renderer\RenderResourceLoader.cpp">
      <Filter>소스 파일</Filter>
    </ClCompile>
    <ClCompile Include="src\03.Utils\GeometryGenerator.cpp">
      <Filter>소스 파일</Filter>
    </ClCompile>
    <ClCompile Include="src\04.Renderer\Image.cpp">
      <Filter>소스 파일</Filter>
    </ClCompile>
    <ClCompile Include="src\02.Contents\Actor\Player\Player.cpp">
      <Filter>소스 파일</Filter>
    </ClCompile>
    <ClCompile Include="src\01.Base\Actor\DynamicActor.cpp">
      <Filter>소스 파일</Filter>
    </ClCompile>
    <ClCompile Include="src\02.Contents\Actor\Base\InputActionManager.cpp">
      <Filter>소스 파일</Filter>
    </ClCompile>
    <ClCompile Include="src\01.Base\Actor\Camera.cpp">
      <Filter>소스 파일</Filter>
    </ClCompile>
    <ClCompile Include="src\04.Renderer\SpriteRendererProvide.cpp">
      <Filter>소스 파일</Filter>
    </ClCompile>
    <ClCompile Include="src\01.Base\Actor\Component\Animation\Animator.cpp">
      <Filter>소스 파일</Filter>
    </ClCompile>
    <ClCompile Include="src\01.Base\Actor\Component\Animation\Animation.cpp">
      <Filter>소스 파일</Filter>
    </ClCompile>
    <ClCompile Include="src\01.Base\Actor\Component\Animation\AnimationTransition.cpp">
      <Filter>소스 파일</Filter>
    </ClCompile>
    <ClCompile Include="src\01.Base\Actor\Scene.cpp">
      <Filter>소스 파일</Filter>
    </ClCompile>
    <ClCompile Include="src\02.Contents\Scene\LobbyScene.cpp">
      <Filter>소스 파일</Filter>
    </ClCompile>
    <ClCompile Include="src\02.Contents\Scene\EditUIScene.cpp">
      <Filter>소스 파일</Filter>
    </ClCompile>
    <ClCompile Include="src\01.Base\Actor\UI.cpp">
      <Filter>소스 파일</Filter>
    </ClCompile>
    <ClCompile Include="src\06.Interaction\MouseInteractionManager.cpp">
      <Filter>소스 파일</Filter>
    </ClCompile>
    <ClCompile Include="src\06.Interaction\MouseInteracter.cpp">
      <Filter>소스 파일</Filter>
    </ClCompile>
    <ClCompile Include="src\01.Base\Actor\Component\InteractionComponent.cpp">
      <Filter>소스 파일</Filter>
    </ClCompile>
    <ClCompile Include="src\02.Contents\Actor\Base\BackGround.cpp">
      <Filter>소스 파일</Filter>
    </ClCompile>
    <ClCompile Include="src\02.Contents\Actor\Base\MousePointer.cpp">
      <Filter>소스 파일</Filter>
    </ClCompile>
    <ClCompile Include="src\02.Contents\Actor\UI\UITool\UIToolPanel.cpp">
      <Filter>소스 파일</Filter>
    </ClCompile>
    <ClCompile Include="src\02.Contents\Actor\UI\UITool\UIToolStates.cpp">
      <Filter>소스 파일</Filter>
    </ClCompile>
    <ClCompile Include="src\02.Contents\Actor\UI\UITool\UIToolPanelManager.cpp">
      <Filter>소스 파일</Filter>
    </ClCompile>
    <ClCompile Include="src\03.Utils\InstancePool.cpp">
      <Filter>소스 파일</Filter>
    </ClCompile>
    <ClCompile Include="src\02.Contents\Scene\TestScene.cpp">
      <Filter>소스 파일</Filter>
    </ClCompile>
    <ClCompile Include="src\00.App\CoreSystem.cpp">
      <Filter>소스 파일</Filter>
    </ClCompile>
    <ClCompile Include="src\00.App\ObjectPtr.cpp">
      <Filter>소스 파일</Filter>
    </ClCompile>
    <ClCompile Include="src\00.App\Class.cpp">
      <Filter>소스 파일</Filter>
    </ClCompile>
    <ClCompile Include="src\01.Base\World\WorldThirdParty.cpp">
      <Filter>소스 파일</Filter>
    </ClCompile>
    <ClCompile Include="src\03.Utils\AssetLoader.cpp">
      <Filter>소스 파일</Filter>
    </ClCompile>
    <ClCompile Include="src\06.Interaction\MouseManager.cpp">
      <Filter>소스 파일</Filter>
    </ClCompile>
    <ClCompile Include="src\01.Base\Actor\StaticActor.cpp">
      <Filter>소스 파일</Filter>
    </ClCompile>
    <ClCompile Include="src\02.Contents\Scene\LoginScene.cpp">
      <Filter>소스 파일</Filter>
    </ClCompile>
    <ClCompile Include="src\02.Contents\Actor\UI\OnOffUI.cpp">
      <Filter>소스 파일</Filter>
    </ClCompile>
    <ClCompile Include="src\04.Renderer\RenderSorter.cpp">
      <Filter>소스 파일</Filter>
    </ClCompile>
    <ClCompile Include="src\02.Contents\Actor\Base\Fader.cpp">
      <Filter>소스 파일</Filter>
    </ClCompile>
    <ClCompile Include="src\00.App\WindowManager.cpp">
      <Filter>소스 파일</Filter>
    </ClCompile>
    <ClCompile Include="src\07.Collision\PixelCollisionManager.cpp">
      <Filter>소스 파일</Filter>
    </ClCompile>
    <ClCompile Include="src\01.Base\Actor\Component\PixelCollider.cpp">
      <Filter>소스 파일</Filter>
    </ClCompile>
    <ClCompile Include="src\01.Base\Actor\Component\Collider\CollisionManager.cpp">
      <Filter>소스 파일</Filter>
    </ClCompile>
    <ClCompile Include="src\01.Base\Actor\Component\Collider\Collider.cpp">
      <Filter>소스 파일</Filter>
    </ClCompile>
    <ClCompile Include="src\01.Base\Actor\Component\RenderComponents\SpriteRenderComponent.cpp">
      <Filter>소스 파일</Filter>
    </ClCompile>
    <ClCompile Include="src\01.Base\Actor\Component\RenderComponents\CameraComponent.cpp">
      <Filter>소스 파일</Filter>
    </ClCompile>
    <ClCompile Include="src\02.Contents\Scene\MapEditorScene.cpp">
      <Filter>소스 파일</Filter>
    </ClCompile>
    <ClCompile Include="src\02.Contents\Actor\Tile\TileMap.cpp">
      <Filter>소스 파일</Filter>
    </ClCompile>
    <ClCompile Include="src\02.Contents\Actor\Tile\Tile.cpp">
      <Filter>소스 파일</Filter>
    </ClCompile>
    <ClCompile Include="src\04.Renderer\ImGuiManager.cpp">
      <Filter>소스 파일</Filter>
    </ClCompile>
    <ClCompile Include="src\02.Contents\Actor\Tile\TileSnapUI.cpp">
      <Filter>소스 파일</Filter>
    </ClCompile>
    <ClCompile Include="src\02.Contents\Actor\Tile\TileInteractionHandler.cpp">
      <Filter>소스 파일</Filter>
    </ClCompile>
    <ClCompile Include="src\04.Renderer\RenderState.cpp">
      <Filter>소스 파일</Filter>
    </ClCompile>
    <ClCompile Include="src\00.App\Screen.cpp">
      <Filter>소스 파일</Filter>
    </ClCompile>
    <ClCompile Include="src\02.Contents\Actor\Collision\GroundManager.cpp">
      <Filter>소스 파일</Filter>
    </ClCompile>
    <ClCompile Include="src\02.Contents\Actor\Edit\LadderEditor.cpp">
      <Filter>소스 파일</Filter>
    </ClCompile>
    <ClCompile Include="src\02.Contents\Actor\Edit\EditHelper.cpp">
      <Filter>소스 파일</Filter>
    </ClCompile>
    <ClCompile Include="src\03.Utils\CTransformUtils.cpp">
      <Filter>소스 파일</Filter>
    </ClCompile>
    <ClCompile Include="src\01.Base\Actor\UIManager.cpp">
      <Filter>소스 파일</Filter>
    </ClCompile>
  </ItemGroup>
  <ItemGroup>
    <ClInclude Include="src\pch.h">
      <Filter>헤더 파일</Filter>
    </ClInclude>
    <ClInclude Include="src\00.App\Game.h">
      <Filter>헤더 파일</Filter>
    </ClInclude>
    <ClInclude Include="src\Common\Define.h">
      <Filter>헤더 파일</Filter>
    </ClInclude>
    <ClInclude Include="src\01.Base\Actor\Actor.h">
      <Filter>헤더 파일</Filter>
    </ClInclude>
    <ClInclude Include="src\03.Utils\NumberGenerator\NumberGenerator.h">
      <Filter>헤더 파일</Filter>
    </ClInclude>
    <ClInclude Include="src\01.Base\World\World.h">
      <Filter>헤더 파일</Filter>
    </ClInclude>
    <ClInclude Include="src\00.App\Object.h">
      <Filter>헤더 파일</Filter>
    </ClInclude>
    <ClInclude Include="src\04.Renderer\SpriteRenderer.h">
      <Filter>헤더 파일</Filter>
    </ClInclude>
    <ClInclude Include="src\01.Base\Actor\Component\Component.h">
      <Filter>헤더 파일</Filter>
    </ClInclude>
    <ClInclude Include="src\01.Base\Actor\Component\RenderComponents\RenderComponent.h">
      <Filter>헤더 파일</Filter>
    </ClInclude>
    <ClInclude Include="src\01.Base\World\WorldEvent.h">
      <Filter>헤더 파일</Filter>
    </ClInclude>
    <ClInclude Include="src\04.Renderer\PSOManager.h">
      <Filter>헤더 파일</Filter>
    </ClInclude>
    <ClInclude Include="src\01.Base\Actor\Component\Transform.h">
      <Filter>헤더 파일</Filter>
    </ClInclude>
    <ClInclude Include="src\04.Renderer\RenderResourceLoader.h">
      <Filter>헤더 파일</Filter>
    </ClInclude>
    <ClInclude Include="src\03.Utils\GeometryGenerator.h">
      <Filter>헤더 파일</Filter>
    </ClInclude>
    <ClInclude Include="src\04.Renderer\Image.h">
      <Filter>헤더 파일</Filter>
    </ClInclude>
    <ClInclude Include="src\02.Contents\Actor\Player\Player.h">
      <Filter>헤더 파일</Filter>
    </ClInclude>
    <ClInclude Include="src\01.Base\Actor\DynamicActor.h">
      <Filter>헤더 파일</Filter>
    </ClInclude>
    <ClInclude Include="src\02.Contents\Actor\Base\InputActionManager.h">
      <Filter>헤더 파일</Filter>
    </ClInclude>
    <ClInclude Include="src\01.Base\Actor\Camera.h">
      <Filter>헤더 파일</Filter>
    </ClInclude>
    <ClInclude Include="src\01.Base\Actor\Component\Animation\Animator.h">
      <Filter>헤더 파일</Filter>
    </ClInclude>
    <ClInclude Include="src\01.Base\Actor\Component\Animation\Animation.h">
      <Filter>헤더 파일</Filter>
    </ClInclude>
    <ClInclude Include="src\01.Base\Actor\Component\Animation\AnimationTransition.h">
      <Filter>헤더 파일</Filter>
    </ClInclude>
    <ClInclude Include="src\01.Base\Actor\Scene.h">
      <Filter>헤더 파일</Filter>
    </ClInclude>
    <ClInclude Include="src\02.Contents\Scene\LobbyScene.h">
      <Filter>헤더 파일</Filter>
    </ClInclude>
    <ClInclude Include="src\02.Contents\Scene\EditUIScene.h">
      <Filter>헤더 파일</Filter>
    </ClInclude>
    <ClInclude Include="src\01.Base\Actor\UI.h">
      <Filter>헤더 파일</Filter>
    </ClInclude>
    <ClInclude Include="src\06.Interaction\MouseInteractionManager.h">
      <Filter>헤더 파일</Filter>
    </ClInclude>
    <ClInclude Include="src\06.Interaction\MouseInteracter.h">
      <Filter>헤더 파일</Filter>
    </ClInclude>
    <ClInclude Include="src\01.Base\Actor\Component\InteractionComponent.h">
      <Filter>헤더 파일</Filter>
    </ClInclude>
    <ClInclude Include="src\02.Contents\Actor\Base\BackGround.h">
      <Filter>헤더 파일</Filter>
    </ClInclude>
    <ClInclude Include="src\02.Contents\Actor\Base\MousePointer.h">
      <Filter>헤더 파일</Filter>
    </ClInclude>
    <ClInclude Include="src\02.Contents\Actor\UI\UITool\UIToolPanel.h">
      <Filter>헤더 파일</Filter>
    </ClInclude>
    <ClInclude Include="src\02.Contents\Actor\UI\UITool\UIToolStates.h">
      <Filter>헤더 파일</Filter>
    </ClInclude>
    <ClInclude Include="src\02.Contents\Actor\UI\UITool\UIToolPanelManager.h">
      <Filter>헤더 파일</Filter>
    </ClInclude>
    <ClInclude Include="src\03.Utils\InstancePool.h">
      <Filter>헤더 파일</Filter>
    </ClInclude>
    <ClInclude Include="src\02.Contents\Scene\TestScene.h">
      <Filter>헤더 파일</Filter>
    </ClInclude>
    <ClInclude Include="src\00.App\CoreSystem.h">
      <Filter>헤더 파일</Filter>
    </ClInclude>
    <ClInclude Include="src\00.App\ObjectPtr.h">
      <Filter>헤더 파일</Filter>
    </ClInclude>
    <ClInclude Include="src\00.App\Class.h">
      <Filter>헤더 파일</Filter>
    </ClInclude>
    <ClInclude Include="src\GameCore.h">
      <Filter>헤더 파일</Filter>
    </ClInclude>
    <ClInclude Include="src\03.Utils\AssetLoader.h">
      <Filter>헤더 파일</Filter>
    </ClInclude>
    <ClInclude Include="src\06.Interaction\MouseManager.h">
      <Filter>헤더 파일</Filter>
    </ClInclude>
    <ClInclude Include="src\01.Base\Actor\StaticActor.h">
      <Filter>헤더 파일</Filter>
    </ClInclude>
    <ClInclude Include="src\02.Contents\Scene\LoginScene.h">
      <Filter>헤더 파일</Filter>
    </ClInclude>
    <ClInclude Include="src\02.Contents\Actor\UI\OnOffUI.h">
      <Filter>헤더 파일</Filter>
    </ClInclude>
    <ClInclude Include="src\04.Renderer\RenderSorter.h">
      <Filter>헤더 파일</Filter>
    </ClInclude>
    <ClInclude Include="src\02.Contents\Actor\Base\Fader.h">
      <Filter>헤더 파일</Filter>
    </ClInclude>
    <ClInclude Include="src\00.App\WindowManager.h">
      <Filter>헤더 파일</Filter>
    </ClInclude>
    <ClInclude Include="src\07.Collision\PixelCollisionManager.h">
      <Filter>헤더 파일</Filter>
    </ClInclude>
    <ClInclude Include="src\07.Collision\CollisionCommon.h">
      <Filter>헤더 파일</Filter>
    </ClInclude>
    <ClInclude Include="src\01.Base\Actor\Component\PixelCollider.h">
      <Filter>헤더 파일</Filter>
    </ClInclude>
    <ClInclude Include="src\01.Base\Actor\Component\Collider\CollisionManager.h">
      <Filter>헤더 파일</Filter>
    </ClInclude>
    <ClInclude Include="src\01.Base\Actor\Component\Collider\Collider.h">
      <Filter>헤더 파일</Filter>
    </ClInclude>
    <ClInclude Include="src\01.Base\Actor\Component\RenderComponents\SpriteRenderComponent.h">
      <Filter>헤더 파일</Filter>
    </ClInclude>
    <ClInclude Include="src\01.Base\Actor\Component\RenderComponents\CameraComponent.h">
      <Filter>헤더 파일</Filter>
    </ClInclude>
    <ClInclude Include="src\02.Contents\Scene\MapEditorScene.h">
      <Filter>헤더 파일</Filter>
    </ClInclude>
    <ClInclude Include="src\02.Contents\Actor\Tile\TileMap.h">
      <Filter>헤더 파일</Filter>
    </ClInclude>
    <ClInclude Include="src\02.Contents\Actor\Tile\Tile.h">
      <Filter>헤더 파일</Filter>
    </ClInclude>
    <ClInclude Include="src\04.Renderer\ImGuiManager.h">
      <Filter>헤더 파일</Filter>
    </ClInclude>
    <ClInclude Include="src\02.Contents\Actor\Tile\TileSnapUI.h">
      <Filter>헤더 파일</Filter>
    </ClInclude>
    <ClInclude Include="src\02.Contents\Actor\Tile\TileInteractionHandler.h">
      <Filter>헤더 파일</Filter>
    </ClInclude>
    <ClInclude Include="src\04.Renderer\RenderState.h">
      <Filter>헤더 파일</Filter>
    </ClInclude>
    <ClInclude Include="src\00.App\Screen.h">
      <Filter>헤더 파일</Filter>
    </ClInclude>
    <ClInclude Include="src\02.Contents\Actor\Collision\GroundManager.h">
      <Filter>헤더 파일</Filter>
    </ClInclude>
    <ClInclude Include="src\02.Contents\Actor\Edit\LadderEditor.h">
      <Filter>헤더 파일</Filter>
    </ClInclude>
    <ClInclude Include="src\02.Contents\Actor\Edit\EditHelper.h">
      <Filter>헤더 파일</Filter>
    </ClInclude>
    <ClInclude Include="src\03.Utils\CTransformUtils.h">
      <Filter>헤더 파일</Filter>
    </ClInclude>
    <ClInclude Include="src\01.Base\Actor\UIManager.h">
      <Filter>헤더 파일</Filter>
    </ClInclude>
  </ItemGroup>
  <ItemGroup>
    <FxCompile Include="resources\shader\BasicVertexShader.hlsl" />
    <FxCompile Include="resources\shader\BasicPixelShader.hlsl" />
    <FxCompile Include="resources\shader\PixelCollisionComputeShader.hlsl" />
  </ItemGroup>
  <ItemGroup>
    <None Include="resources\shader\Common.hlsli" />
  </ItemGroup>
</Project>